
Microsoft Visual Studio Solution File, Format Version 12.00
# Visual Studio Version 17
VisualStudioVersion = 17.3.32929.385
MinimumVisualStudioVersion = 10.0.40219.1
Project("{FAE04EC0-301F-11D3-BF4B-00C04F79EFBC}") = "AS2223_4G_INF_Prof_GestoreMatrice", "AS2223_4G_INF_Prof_GestoreMatrice\AS2223_4G_INF_Prof_GestoreMatrice.csproj", "{3F53709C-4F07-4CC7-ABAF-B733749CA40A}"
EndProject
Global
	GlobalSection(SolutionConfigurationPlatforms) = preSolution
		Debug|Any CPU = Debug|Any CPU
		Release|Any CPU = Release|Any CPU
	EndGlobalSection
	GlobalSection(ProjectConfigurationPlatforms) = postSolution
		{3F53709C-4F07-4CC7-ABAF-B733749CA40A}.Debug|Any CPU.ActiveCfg = Debug|Any CPU
		{3F53709C-4F07-4CC7-ABAF-B733749CA40A}.Debug|Any CPU.Build.0 = Debug|Any CPU
		{3F53709C-4F07-4CC7-ABAF-B733749CA40A}.Release|Any CPU.ActiveCfg = Release|Any CPU
		{3F53709C-4F07-4CC7-ABAF-B733749CA40A}.Release|Any CPU.Build.0 = Release|Any CPU
	EndGlobalSection
	GlobalSection(SolutionProperties) = preSolution
		HideSolutionNode = FALSE
	EndGlobalSection
	GlobalSection(ExtensibilityGlobals) = postSolution
		SolutionGuid = {306E09AA-419F-46AB-BFE7-409F1D0706E1}
	EndGlobalSection
EndGlobal
